{
  "object": {
    "pins": [
      {
        "package": "Down",
        "repositoryURL": "https://github.com/kustomer/Down",
        "state": {
          "branch": null,
          "revision": "e754ab1c80920dd51a8e08290c912ac1c2ac8b58",
          "version": "0.11.0"
        }
      },
      {
        "package": "PubNub",
        "repositoryURL": "https://github.com/pubnub/swift.git",
        "state": {
          "branch": null,
          "revision": "749fdf14c40eaa53ecb9ffdd7df7c801a7669144",
          "version": "5.1.0"
        }
      }
    ]
  },
  "version": 1
}
