{
  "object": {
    "pins": [
      {
        "package": "Down",
        "repositoryURL": "https://github.com/kustomer/Down",
        "state": {
          "branch": null,
          "revision": "e754ab1c80920dd51a8e08290c912ac1c2ac8b58",
          "version": "0.11.0"
        }
      },
      {
        "package": "PubNub",
        "repositoryURL": "https://github.com/pubnub/swift.git",
        "state": {
          "branch": null,
          "revision": "649a9e93f7744c0961706a7f8781b138707a55ed",
          "version": "6.3.0"
        }
      },
      {
        "package": "SnapKit",
        "repositoryURL": "https://github.com/SnapKit/SnapKit",
        "state": {
          "branch": null,
          "revision": "2842e6e84e82eb9a8dac0100ca90d9444b0307f4",
          "version": "5.7.1"
        }
      },
      {
        "package": "Reachability",
        "repositoryURL": "https://github.com/ashleymills/Reachability.swift",
        "state": {
          "branch": null,
          "revision": "7cbd73f46a7dfaeca079e18df7324c6de6d1834a",
          "version": "5.2.3"
        }
      }
    ]
  },
  "version": 1
}
